
Microsoft Visual Studio Solution File, Format Version 12.00
# Visual Studio Version 17
VisualStudioVersion = 17.11.35312.102
MinimumVisualStudioVersion = 10.0.40219.1
Project("{FAE04EC0-301F-11D3-BF4B-00C04F79EFBC}") = "ConsoleApp1", "ConsoleApp1\ConsoleApp1.csproj", "{537C5C08-03C7-481A-9FDA-B62E1C706BD2}"
EndProject
Global
	GlobalSection(SolutionConfigurationPlatforms) = preSolution
		Debug|Any CPU = Debug|Any CPU
		Release|Any CPU = Release|Any CPU
	EndGlobalSection
	GlobalSection(ProjectConfigurationPlatforms) = postSolution
		{537C5C08-03C7-481A-9FDA-B62E1C706BD2}.Debug|Any CPU.ActiveCfg = Debug|Any CPU
		{537C5C08-03C7-481A-9FDA-B62E1C706BD2}.Debug|Any CPU.Build.0 = Debug|Any CPU
		{537C5C08-03C7-481A-9FDA-B62E1C706BD2}.Release|Any CPU.ActiveCfg = Release|Any CPU
		{537C5C08-03C7-481A-9FDA-B62E1C706BD2}.Release|Any CPU.Build.0 = Release|Any CPU
	EndGlobalSection
	GlobalSection(SolutionProperties) = preSolution
		HideSolutionNode = FALSE
	EndGlobalSection
	GlobalSection(ExtensibilityGlobals) = postSolution
		SolutionGuid = {595B4411-A75F-4CFB-A803-08434D861D5F}
	EndGlobalSection
EndGlobal
